
Microsoft Visual Studio Solution File, Format Version 12.00
# Visual Studio 15
VisualStudioVersion = 15.0.27428.2002
MinimumVisualStudioVersion = 10.0.40219.1
Project("{FAE04EC0-301F-11D3-BF4B-00C04F79EFBC}") = "DBN.Android", "DBN\DBN.Android\DBN.Android.csproj", "{383AC7AE-8133-4FD0-B03B-191B61B35E66}"
EndProject
Project("{FAE04EC0-301F-11D3-BF4B-00C04F79EFBC}") = "DBN.iOS", "DBN\DBN.iOS\DBN.iOS.csproj", "{5FF90BC0-07B5-45D9-B08C-BE90ECC1CC7A}"
EndProject
Project("{FAE04EC0-301F-11D3-BF4B-00C04F79EFBC}") = "DBN.UWP", "DBN\DBN.UWP\DBN.UWP.csproj", "{17ECFA51-C0C6-461A-AAB5-9C67FB88223D}"
EndProject
Project("{D954291E-2A0B-460D-934E-DC6B0785DB48}") = "DBN", "DBN\DBN\DBN.shproj", "{99DB1D6C-ADC7-4EC2-8AF1-3B2AD8CF6124}"
EndProject
Global
	GlobalSection(SharedMSBuildProjectFiles) = preSolution
		DBN\DBN\DBN.projitems*{17ecfa51-c0c6-461a-aab5-9c67fb88223d}*SharedItemsImports = 4
		DBN\DBN\DBN.projitems*{383ac7ae-8133-4fd0-b03b-191b61b35e66}*SharedItemsImports = 4
		DBN\DBN\DBN.projitems*{5ff90bc0-07b5-45d9-b08c-be90ecc1cc7a}*SharedItemsImports = 4
		DBN\DBN\DBN.projitems*{99db1d6c-adc7-4ec2-8af1-3b2ad8cf6124}*SharedItemsImports = 13
	EndGlobalSection
	GlobalSection(SolutionConfigurationPlatforms) = preSolution
		Ad-Hoc|Any CPU = Ad-Hoc|Any CPU
		Ad-Hoc|ARM = Ad-Hoc|ARM
		Ad-Hoc|iPhone = Ad-Hoc|iPhone
		Ad-Hoc|iPhoneSimulator = Ad-Hoc|iPhoneSimulator
		Ad-Hoc|x64 = Ad-Hoc|x64
		Ad-Hoc|x86 = Ad-Hoc|x86
		AppStore|Any CPU = AppStore|Any CPU
		AppStore|ARM = AppStore|ARM
		AppStore|iPhone = AppStore|iPhone
		AppStore|iPhoneSimulator = AppStore|iPhoneSimulator
		AppStore|x64 = AppStore|x64
		AppStore|x86 = AppStore|x86
		Debug|Any CPU = Debug|Any CPU
		Debug|ARM = Debug|ARM
		Debug|iPhone = Debug|iPhone
		Debug|iPhoneSimulator = Debug|iPhoneSimulator
		Debug|x64 = Debug|x64
		Debug|x86 = Debug|x86
		Release|Any CPU = Release|Any CPU
		Release|ARM = Release|ARM
		Release|iPhone = Release|iPhone
		Release|iPhoneSimulator = Release|iPhoneSimulator
		Release|x64 = Release|x64
		Release|x86 = Release|x86
	EndGlobalSection
	GlobalSection(ProjectConfigurationPlatforms) = postSolution
		{383AC7AE-8133-4FD0-B03B-191B61B35E66}.Ad-Hoc|Any CPU.ActiveCfg = Release|Any CPU
		{383AC7AE-8133-4FD0-B03B-191B61B35E66}.Ad-Hoc|Any CPU.Build.0 = Release|Any CPU
		{383AC7AE-8133-4FD0-B03B-191B61B35E66}.Ad-Hoc|Any CPU.Deploy.0 = Release|Any CPU
		{383AC7AE-8133-4FD0-B03B-191B61B35E66}.Ad-Hoc|ARM.ActiveCfg = Release|Any CPU
		{383AC7AE-8133-4FD0-B03B-191B61B35E66}.Ad-Hoc|ARM.Build.0 = Release|Any CPU
		{383AC7AE-8133-4FD0-B03B-191B61B35E66}.Ad-Hoc|ARM.Deploy.0 = Release|Any CPU
		{383AC7AE-8133-4FD0-B03B-191B61B35E66}.Ad-Hoc|iPhone.ActiveCfg = Release|Any CPU
		{383AC7AE-8133-4FD0-B03B-191B61B35E66}.Ad-Hoc|iPhone.Build.0 = Release|Any CPU
		{383AC7AE-8133-4FD0-B03B-191B61B35E66}.Ad-Hoc|iPhone.Deploy.0 = Release|Any CPU
		{383AC7AE-8133-4FD0-B03B-191B61B35E66}.Ad-Hoc|iPhoneSimulator.ActiveCfg = Release|Any CPU
		{383AC7AE-8133-4FD0-B03B-191B61B35E66}.Ad-Hoc|iPhoneSimulator.Build.0 = Release|Any CPU
		{383AC7AE-8133-4FD0-B03B-191B61B35E66}.Ad-Hoc|iPhoneSimulator.Deploy.0 = Release|Any CPU
		{383AC7AE-8133-4FD0-B03B-191B61B35E66}.Ad-Hoc|x64.ActiveCfg = Release|Any CPU
		{383AC7AE-8133-4FD0-B03B-191B61B35E66}.Ad-Hoc|x64.Build.0 = Release|Any CPU
		{383AC7AE-8133-4FD0-B03B-191B61B35E66}.Ad-Hoc|x64.Deploy.0 = Release|Any CPU
		{383AC7AE-8133-4FD0-B03B-191B61B35E66}.Ad-Hoc|x86.ActiveCfg = Release|Any CPU
		{383AC7AE-8133-4FD0-B03B-191B61B35E66}.Ad-Hoc|x86.Build.0 = Release|Any CPU
		{383AC7AE-8133-4FD0-B03B-191B61B35E66}.Ad-Hoc|x86.Deploy.0 = Release|Any CPU
		{383AC7AE-8133-4FD0-B03B-191B61B35E66}.AppStore|Any CPU.ActiveCfg = Release|Any CPU
		{383AC7AE-8133-4FD0-B03B-191B61B35E66}.AppStore|Any CPU.Build.0 = Release|Any CPU
		{383AC7AE-8133-4FD0-B03B-191B61B35E66}.AppStore|Any CPU.Deploy.0 = Release|Any CPU
		{383AC7AE-8133-4FD0-B03B-191B61B35E66}.AppStore|ARM.ActiveCfg = Release|Any CPU
		{383AC7AE-8133-4FD0-B03B-191B61B35E66}.AppStore|ARM.Build.0 = Release|Any CPU
		{383AC7AE-8133-4FD0-B03B-191B61B35E66}.AppStore|ARM.Deploy.0 = Release|Any CPU
		{383AC7AE-8133-4FD0-B03B-191B61B35E66}.AppStore|iPhone.ActiveCfg = Release|Any CPU
		{383AC7AE-8133-4FD0-B03B-191B61B35E66}.AppStore|iPhone.Build.0 = Release|Any CPU
		{383AC7AE-8133-4FD0-B03B-191B61B35E66}.AppStore|iPhone.Deploy.0 = Release|Any CPU
		{383AC7AE-8133-4FD0-B03B-191B61B35E66}.AppStore|iPhoneSimulator.ActiveCfg = Release|Any CPU
		{383AC7AE-8133-4FD0-B03B-191B61B35E66}.AppStore|iPhoneSimulator.Build.0 = Release|Any CPU
		{383AC7AE-8133-4FD0-B03B-191B61B35E66}.AppStore|iPhoneSimulator.Deploy.0 = Release|Any CPU
		{383AC7AE-8133-4FD0-B03B-191B61B35E66}.AppStore|x64.ActiveCfg = Release|Any CPU
		{383AC7AE-8133-4FD0-B03B-191B61B35E66}.AppStore|x64.Build.0 = Release|Any CPU
		{383AC7AE-8133-4FD0-B03B-191B61B35E66}.AppStore|x64.Deploy.0 = Release|Any CPU
		{383AC7AE-8133-4FD0-B03B-191B61B35E66}.AppStore|x86.ActiveCfg = Release|Any CPU
		{383AC7AE-8133-4FD0-B03B-191B61B35E66}.AppStore|x86.Build.0 = Release|Any CPU
		{383AC7AE-8133-4FD0-B03B-191B61B35E66}.AppStore|x86.Deploy.0 = Release|Any CPU
		{383AC7AE-8133-4FD0-B03B-191B61B35E66}.Debug|Any CPU.ActiveCfg = Debug|Any CPU
		{383AC7AE-8133-4FD0-B03B-191B61B35E66}.Debug|Any CPU.Build.0 = Debug|Any CPU
		{383AC7AE-8133-4FD0-B03B-191B61B35E66}.Debug|Any CPU.Deploy.0 = Debug|Any CPU
		{383AC7AE-8133-4FD0-B03B-191B61B35E66}.Debug|ARM.ActiveCfg = Debug|Any CPU
		{383AC7AE-8133-4FD0-B03B-191B61B35E66}.Debug|ARM.Build.0 = Debug|Any CPU
		{383AC7AE-8133-4FD0-B03B-191B61B35E66}.Debug|ARM.Deploy.0 = Debug|Any CPU
		{383AC7AE-8133-4FD0-B03B-191B61B35E66}.Debug|iPhone.ActiveCfg = Debug|Any CPU
		{383AC7AE-8133-4FD0-B03B-191B61B35E66}.Debug|iPhone.Build.0 = Debug|Any CPU
		{383AC7AE-8133-4FD0-B03B-191B61B35E66}.Debug|iPhone.Deploy.0 = Debug|Any CPU
		{383AC7AE-8133-4FD0-B03B-191B61B35E66}.Debug|iPhoneSimulator.ActiveCfg = Debug|Any CPU
		{383AC7AE-8133-4FD0-B03B-191B61B35E66}.Debug|iPhoneSimulator.Build.0 = Debug|Any CPU
		{383AC7AE-8133-4FD0-B03B-191B61B35E66}.Debug|iPhoneSimulator.Deploy.0 = Debug|Any CPU
		{383AC7AE-8133-4FD0-B03B-191B61B35E66}.Debug|x64.ActiveCfg = Debug|Any CPU
		{383AC7AE-8133-4FD0-B03B-191B61B35E66}.Debug|x64.Build.0 = Debug|Any CPU
		{383AC7AE-8133-4FD0-B03B-191B61B35E66}.Debug|x64.Deploy.0 = Debug|Any CPU
		{383AC7AE-8133-4FD0-B03B-191B61B35E66}.Debug|x86.ActiveCfg = Debug|Any CPU
		{383AC7AE-8133-4FD0-B03B-191B61B35E66}.Debug|x86.Build.0 = Debug|Any CPU
		{383AC7AE-8133-4FD0-B03B-191B61B35E66}.Debug|x86.Deploy.0 = Debug|Any CPU
		{383AC7AE-8133-4FD0-B03B-191B61B35E66}.Release|Any CPU.ActiveCfg = Release|Any CPU
		{383AC7AE-8133-4FD0-B03B-191B61B35E66}.Release|Any CPU.Build.0 = Release|Any CPU
		{383AC7AE-8133-4FD0-B03B-191B61B35E66}.Release|Any CPU.Deploy.0 = Release|Any CPU
		{383AC7AE-8133-4FD0-B03B-191B61B35E66}.Release|ARM.ActiveCfg = Release|Any CPU
		{383AC7AE-8133-4FD0-B03B-191B61B35E66}.Release|ARM.Build.0 = Release|Any CPU
		{383AC7AE-8133-4FD0-B03B-191B61B35E66}.Release|ARM.Deploy.0 = Release|Any CPU
		{383AC7AE-8133-4FD0-B03B-191B61B35E66}.Release|iPhone.ActiveCfg = Release|Any CPU
		{383AC7AE-8133-4FD0-B03B-191B61B35E66}.Release|iPhone.Build.0 = Release|Any CPU
		{383AC7AE-8133-4FD0-B03B-191B61B35E66}.Release|iPhone.Deploy.0 = Release|Any CPU
		{383AC7AE-8133-4FD0-B03B-191B61B35E66}.Release|iPhoneSimulator.ActiveCfg = Release|Any CPU
		{383AC7AE-8133-4FD0-B03B-191B61B35E66}.Release|iPhoneSimulator.Build.0 = Release|Any CPU
		{383AC7AE-8133-4FD0-B03B-191B61B35E66}.Release|iPhoneSimulator.Deploy.0 = Release|Any CPU
		{383AC7AE-8133-4FD0-B03B-191B61B35E66}.Release|x64.ActiveCfg = Release|Any CPU
		{383AC7AE-8133-4FD0-B03B-191B61B35E66}.Release|x64.Build.0 = Release|Any CPU
		{383AC7AE-8133-4FD0-B03B-191B61B35E66}.Release|x64.Deploy.0 = Release|Any CPU
		{383AC7AE-8133-4FD0-B03B-191B61B35E66}.Release|x86.ActiveCfg = Release|Any CPU
		{383AC7AE-8133-4FD0-B03B-191B61B35E66}.Release|x86.Build.0 = Release|Any CPU
		{383AC7AE-8133-4FD0-B03B-191B61B35E66}.Release|x86.Deploy.0 = Release|Any CPU
		{5FF90BC0-07B5-45D9-B08C-BE90ECC1CC7A}.Ad-Hoc|Any CPU.ActiveCfg = Ad-Hoc|iPhone
		{5FF90BC0-07B5-45D9-B08C-BE90ECC1CC7A}.Ad-Hoc|ARM.ActiveCfg = Ad-Hoc|iPhone
		{5FF90BC0-07B5-45D9-B08C-BE90ECC1CC7A}.Ad-Hoc|iPhone.ActiveCfg = Ad-Hoc|iPhone
		{5FF90BC0-07B5-45D9-B08C-BE90ECC1CC7A}.Ad-Hoc|iPhone.Build.0 = Ad-Hoc|iPhone
		{5FF90BC0-07B5-45D9-B08C-BE90ECC1CC7A}.Ad-Hoc|iPhoneSimulator.ActiveCfg = Ad-Hoc|iPhoneSimulator
		{5FF90BC0-07B5-45D9-B08C-BE90ECC1CC7A}.Ad-Hoc|iPhoneSimulator.Build.0 = Ad-Hoc|iPhoneSimulator
		{5FF90BC0-07B5-45D9-B08C-BE90ECC1CC7A}.Ad-Hoc|x64.ActiveCfg = Ad-Hoc|iPhone
		{5FF90BC0-07B5-45D9-B08C-BE90ECC1CC7A}.Ad-Hoc|x86.ActiveCfg = Ad-Hoc|iPhone
		{5FF90BC0-07B5-45D9-B08C-BE90ECC1CC7A}.AppStore|Any CPU.ActiveCfg = AppStore|iPhone
		{5FF90BC0-07B5-45D9-B08C-BE90ECC1CC7A}.AppStore|ARM.ActiveCfg = AppStore|iPhone
		{5FF90BC0-07B5-45D9-B08C-BE90ECC1CC7A}.AppStore|iPhone.ActiveCfg = AppStore|iPhone
		{5FF90BC0-07B5-45D9-B08C-BE90ECC1CC7A}.AppStore|iPhone.Build.0 = AppStore|iPhone
		{5FF90BC0-07B5-45D9-B08C-BE90ECC1CC7A}.AppStore|iPhoneSimulator.ActiveCfg = AppStore|iPhoneSimulator
		{5FF90BC0-07B5-45D9-B08C-BE90ECC1CC7A}.AppStore|iPhoneSimulator.Build.0 = AppStore|iPhoneSimulator
		{5FF90BC0-07B5-45D9-B08C-BE90ECC1CC7A}.AppStore|x64.ActiveCfg = AppStore|iPhone
		{5FF90BC0-07B5-45D9-B08C-BE90ECC1CC7A}.AppStore|x86.ActiveCfg = AppStore|iPhone
		{5FF90BC0-07B5-45D9-B08C-BE90ECC1CC7A}.Debug|Any CPU.ActiveCfg = Debug|iPhone
		{5FF90BC0-07B5-45D9-B08C-BE90ECC1CC7A}.Debug|ARM.ActiveCfg = Debug|iPhone
		{5FF90BC0-07B5-45D9-B08C-BE90ECC1CC7A}.Debug|iPhone.ActiveCfg = Debug|iPhone
		{5FF90BC0-07B5-45D9-B08C-BE90ECC1CC7A}.Debug|iPhone.Build.0 = Debug|iPhone
		{5FF90BC0-07B5-45D9-B08C-BE90ECC1CC7A}.Debug|iPhoneSimulator.ActiveCfg = Debug|iPhoneSimulator
		{5FF90BC0-07B5-45D9-B08C-BE90ECC1CC7A}.Debug|iPhoneSimulator.Build.0 = Debug|iPhoneSimulator
		{5FF90BC0-07B5-45D9-B08C-BE90ECC1CC7A}.Debug|x64.ActiveCfg = Debug|iPhone
		{5FF90BC0-07B5-45D9-B08C-BE90ECC1CC7A}.Debug|x86.ActiveCfg = Debug|iPhone
		{5FF90BC0-07B5-45D9-B08C-BE90ECC1CC7A}.Release|Any CPU.ActiveCfg = Release|iPhone
		{5FF90BC0-07B5-45D9-B08C-BE90ECC1CC7A}.Release|ARM.ActiveCfg = Release|iPhone
		{5FF90BC0-07B5-45D9-B08C-BE90ECC1CC7A}.Release|iPhone.ActiveCfg = Release|iPhone
		{5FF90BC0-07B5-45D9-B08C-BE90ECC1CC7A}.Release|iPhone.Build.0 = Release|iPhone
		{5FF90BC0-07B5-45D9-B08C-BE90ECC1CC7A}.Release|iPhoneSimulator.ActiveCfg = Release|iPhoneSimulator
		{5FF90BC0-07B5-45D9-B08C-BE90ECC1CC7A}.Release|iPhoneSimulator.Build.0 = Release|iPhoneSimulator
		{5FF90BC0-07B5-45D9-B08C-BE90ECC1CC7A}.Release|x64.ActiveCfg = Release|iPhone
		{5FF90BC0-07B5-45D9-B08C-BE90ECC1CC7A}.Release|x86.ActiveCfg = Release|iPhone
		{17ECFA51-C0C6-461A-AAB5-9C67FB88223D}.Ad-Hoc|Any CPU.ActiveCfg = Release|x86
		{17ECFA51-C0C6-461A-AAB5-9C67FB88223D}.Ad-Hoc|Any CPU.Build.0 = Release|x86
		{17ECFA51-C0C6-461A-AAB5-9C67FB88223D}.Ad-Hoc|Any CPU.Deploy.0 = Release|x86
		{17ECFA51-C0C6-461A-AAB5-9C67FB88223D}.Ad-Hoc|ARM.ActiveCfg = Release|ARM
		{17ECFA51-C0C6-461A-AAB5-9C67FB88223D}.Ad-Hoc|ARM.Build.0 = Release|ARM
		{17ECFA51-C0C6-461A-AAB5-9C67FB88223D}.Ad-Hoc|ARM.Deploy.0 = Release|ARM
		{17ECFA51-C0C6-461A-AAB5-9C67FB88223D}.Ad-Hoc|iPhone.ActiveCfg = Release|x86
		{17ECFA51-C0C6-461A-AAB5-9C67FB88223D}.Ad-Hoc|iPhone.Build.0 = Release|x86
		{17ECFA51-C0C6-461A-AAB5-9C67FB88223D}.Ad-Hoc|iPhone.Deploy.0 = Release|x86
		{17ECFA51-C0C6-461A-AAB5-9C67FB88223D}.Ad-Hoc|iPhoneSimulator.ActiveCfg = Release|x86
		{17ECFA51-C0C6-461A-AAB5-9C67FB88223D}.Ad-Hoc|iPhoneSimulator.Build.0 = Release|x86
		{17ECFA51-C0C6-461A-AAB5-9C67FB88223D}.Ad-Hoc|iPhoneSimulator.Deploy.0 = Release|x86
		{17ECFA51-C0C6-461A-AAB5-9C67FB88223D}.Ad-Hoc|x64.ActiveCfg = Release|x64
		{17ECFA51-C0C6-461A-AAB5-9C67FB88223D}.Ad-Hoc|x64.Build.0 = Release|x64
		{17ECFA51-C0C6-461A-AAB5-9C67FB88223D}.Ad-Hoc|x64.Deploy.0 = Release|x64
		{17ECFA51-C0C6-461A-AAB5-9C67FB88223D}.Ad-Hoc|x86.ActiveCfg = Release|x86
		{17ECFA51-C0C6-461A-AAB5-9C67FB88223D}.Ad-Hoc|x86.Build.0 = Release|x86
		{17ECFA51-C0C6-461A-AAB5-9C67FB88223D}.Ad-Hoc|x86.Deploy.0 = Release|x86
		{17ECFA51-C0C6-461A-AAB5-9C67FB88223D}.AppStore|Any CPU.ActiveCfg = Release|x86
		{17ECFA51-C0C6-461A-AAB5-9C67FB88223D}.AppStore|Any CPU.Build.0 = Release|x86
		{17ECFA51-C0C6-461A-AAB5-9C67FB88223D}.AppStore|Any CPU.Deploy.0 = Release|x86
		{17ECFA51-C0C6-461A-AAB5-9C67FB88223D}.AppStore|ARM.ActiveCfg = Release|ARM
		{17ECFA51-C0C6-461A-AAB5-9C67FB88223D}.AppStore|ARM.Build.0 = Release|ARM
		{17ECFA51-C0C6-461A-AAB5-9C67FB88223D}.AppStore|ARM.Deploy.0 = Release|ARM
		{17ECFA51-C0C6-461A-AAB5-9C67FB88223D}.AppStore|iPhone.ActiveCfg = Release|x86
		{17ECFA51-C0C6-461A-AAB5-9C67FB88223D}.AppStore|iPhone.Build.0 = Release|x86
		{17ECFA51-C0C6-461A-AAB5-9C67FB88223D}.AppStore|iPhone.Deploy.0 = Release|x86
		{17ECFA51-C0C6-461A-AAB5-9C67FB88223D}.AppStore|iPhoneSimulator.ActiveCfg = Release|x86
		{17ECFA51-C0C6-461A-AAB5-9C67FB88223D}.AppStore|iPhoneSimulator.Build.0 = Release|x86
		{17ECFA51-C0C6-461A-AAB5-9C67FB88223D}.AppStore|iPhoneSimulator.Deploy.0 = Release|x86
		{17ECFA51-C0C6-461A-AAB5-9C67FB88223D}.AppStore|x64.ActiveCfg = Release|x64
		{17ECFA51-C0C6-461A-AAB5-9C67FB88223D}.AppStore|x64.Build.0 = Release|x64
		{17ECFA51-C0C6-461A-AAB5-9C67FB88223D}.AppStore|x64.Deploy.0 = Release|x64
		{17ECFA51-C0C6-461A-AAB5-9C67FB88223D}.AppStore|x86.ActiveCfg = Release|x86
		{17ECFA51-C0C6-461A-AAB5-9C67FB88223D}.AppStore|x86.Build.0 = Release|x86
		{17ECFA51-C0C6-461A-AAB5-9C67FB88223D}.AppStore|x86.Deploy.0 = Release|x86
		{17ECFA51-C0C6-461A-AAB5-9C67FB88223D}.Debug|Any CPU.ActiveCfg = Debug|x86
		{17ECFA51-C0C6-461A-AAB5-9C67FB88223D}.Debug|ARM.ActiveCfg = Debug|ARM
		{17ECFA51-C0C6-461A-AAB5-9C67FB88223D}.Debug|ARM.Build.0 = Debug|ARM
		{17ECFA51-C0C6-461A-AAB5-9C67FB88223D}.Debug|ARM.Deploy.0 = Debug|ARM
		{17ECFA51-C0C6-461A-AAB5-9C67FB88223D}.Debug|iPhone.ActiveCfg = Debug|x86
		{17ECFA51-C0C6-461A-AAB5-9C67FB88223D}.Debug|iPhoneSimulator.ActiveCfg = Debug|x86
		{17ECFA51-C0C6-461A-AAB5-9C67FB88223D}.Debug|x64.ActiveCfg = Debug|x64
		{17ECFA51-C0C6-461A-AAB5-9C67FB88223D}.Debug|x64.Build.0 = Debug|x64
		{17ECFA51-C0C6-461A-AAB5-9C67FB88223D}.Debug|x64.Deploy.0 = Debug|x64
		{17ECFA51-C0C6-461A-AAB5-9C67FB88223D}.Debug|x86.ActiveCfg = Debug|x86
		{17ECFA51-C0C6-461A-AAB5-9C67FB88223D}.Debug|x86.Build.0 = Debug|x86
		{17ECFA51-C0C6-461A-AAB5-9C67FB88223D}.Debug|x86.Deploy.0 = Debug|x86
		{17ECFA51-C0C6-461A-AAB5-9C67FB88223D}.Release|Any CPU.ActiveCfg = Release|x86
		{17ECFA51-C0C6-461A-AAB5-9C67FB88223D}.Release|ARM.ActiveCfg = Release|ARM
		{17ECFA51-C0C6-461A-AAB5-9C67FB88223D}.Release|ARM.Build.0 = Release|ARM
		{17ECFA51-C0C6-461A-AAB5-9C67FB88223D}.Release|ARM.Deploy.0 = Release|ARM
		{17ECFA51-C0C6-461A-AAB5-9C67FB88223D}.Release|iPhone.ActiveCfg = Release|x86
		{17ECFA51-C0C6-461A-AAB5-9C67FB88223D}.Release|iPhoneSimulator.ActiveCfg = Release|x86
		{17ECFA51-C0C6-461A-AAB5-9C67FB88223D}.Release|x64.ActiveCfg = Release|x64
		{17ECFA51-C0C6-461A-AAB5-9C67FB88223D}.Release|x64.Build.0 = Release|x64
		{17ECFA51-C0C6-461A-AAB5-9C67FB88223D}.Release|x64.Deploy.0 = Release|x64
		{17ECFA51-C0C6-461A-AAB5-9C67FB88223D}.Release|x86.ActiveCfg = Release|x86
		{17ECFA51-C0C6-461A-AAB5-9C67FB88223D}.Release|x86.Build.0 = Release|x86
		{17ECFA51-C0C6-461A-AAB5-9C67FB88223D}.Release|x86.Deploy.0 = Release|x86
	EndGlobalSection
	GlobalSection(SolutionProperties) = preSolution
		HideSolutionNode = FALSE
	EndGlobalSection
	GlobalSection(ExtensibilityGlobals) = postSolution
		SolutionGuid = {4CDD4220-8843-48A8-AB02-0858CEB1579B}
	EndGlobalSection
EndGlobal
